[[package]]
name = "atomicwrites"
version = "1.4.1"
description = "Atomic file writes."
category = "dev"
optional = false
python-versions = ">=2.7, !=3.0.*, !=3.1.*, !=3.2.*, !=3.3.*"

[[package]]
name = "attrs"
version = "22.1.0"
description = "Classes Without Boilerplate"
category = "dev"
optional = false
python-versions = ">=3.5"

[package.extras]
dev = ["cloudpickle", "coverage[toml] (>=5.0.2)", "furo", "hypothesis", "mypy (>=0.900,!=0.940)", "pre-commit", "pympler", "pytest (>=4.3.0)", "pytest-mypy-plugins", "sphinx", "sphinx-notfound-page", "zope.interface"]
docs = ["furo", "sphinx", "sphinx-notfound-page", "zope.interface"]
tests = ["cloudpickle", "coverage[toml] (>=5.0.2)", "hypothesis", "mypy (>=0.900,!=0.940)", "pympler", "pytest (>=4.3.0)", "pytest-mypy-plugins", "zope.interface"]
tests_no_zope = ["cloudpickle", "coverage[toml] (>=5.0.2)", "hypothesis", "mypy (>=0.900,!=0.940)", "pympler", "pytest (>=4.3.0)", "pytest-mypy-plugins"]

[[package]]
name = "better-exceptions"
version = "0.3.3"
description = "Pretty and helpful exceptions, automatically"
category = "main"
optional = false
python-versions = "*"

[package.dependencies]
colorama = {version = "*", markers = "sys_platform == \"win32\""}

[[package]]
name = "boto3"
version = "1.24.61"
description = "The AWS SDK for Python"
category = "main"
optional = false
python-versions = ">= 3.7"

[package.dependencies]
botocore = ">=1.27.61,<1.28.0"
jmespath = ">=0.7.1,<2.0.0"
s3transfer = ">=0.6.0,<0.7.0"

[package.extras]
crt = ["botocore[crt] (>=1.21.0,<2.0a0)"]

[[package]]
name = "botocore"
version = "1.27.61"
description = "Low-level, data-driven core of boto 3."
category = "main"
optional = false
python-versions = ">= 3.7"

[package.dependencies]
jmespath = ">=0.7.1,<2.0.0"
python-dateutil = ">=2.1,<3.0.0"
urllib3 = ">=1.25.4,<1.27"

[package.extras]
crt = ["awscrt (==0.14.0)"]

[[package]]
name = "cachetools"
version = "5.2.0"
description = "Extensible memoizing collections and decorators"
category = "main"
optional = false
python-versions = "~=3.7"

[[package]]
name = "certifi"
version = "2022.6.15"
description = "Python package for providing Mozilla's CA Bundle."
category = "main"
optional = false
python-versions = ">=3.6"

[[package]]
name = "charset-normalizer"
version = "2.1.1"
description = "The Real First Universal Charset Detector. Open, modern and actively maintained alternative to Chardet."
category = "main"
optional = false
python-versions = ">=3.6.0"

[package.extras]
unicode_backport = ["unicodedata2"]

[[package]]
name = "cli-utils"
version = "1.0.6"
description = ""
category = "main"
optional = false
python-versions = "*"

[package.dependencies]
future = ">=0.16.0"
timingsutil = ">=1.0.8"

[[package]]
name = "colorama"
version = "0.4.5"
description = "Cross-platform colored terminal text."
category = "main"
optional = false
python-versions = ">=2.7, !=3.0.*, !=3.1.*, !=3.2.*, !=3.3.*, !=3.4.*"

[[package]]
name = "fire"
version = "0.4.0"
description = "A library for automatically generating command line interfaces."
category = "main"
optional = false
python-versions = "*"

[package.dependencies]
six = "*"
termcolor = "*"

[[package]]
name = "future"
version = "0.18.2"
description = "Clean single-source support for Python 3 and 2"
category = "main"
optional = false
python-versions = ">=2.6, !=3.0.*, !=3.1.*, !=3.2.*"

[[package]]
name = "gitdb"
version = "4.0.9"
description = "Git Object Database"
category = "main"
optional = false
python-versions = ">=3.6"

[package.dependencies]
smmap = ">=3.0.1,<6"

[[package]]
name = "gitpython"
version = "3.1.27"
description = "GitPython is a python library used to interact with Git repositories"
category = "main"
optional = false
python-versions = ">=3.7"

[package.dependencies]
gitdb = ">=4.0.1,<5"

[[package]]
name = "google-auth"
version = "2.11.0"
description = "Google Authentication Library"
category = "main"
optional = false
python-versions = ">=2.7,!=3.0.*,!=3.1.*,!=3.2.*,!=3.3.*,!=3.4.*,!=3.5.*"

[package.dependencies]
cachetools = ">=2.0.0,<6.0"
pyasn1-modules = ">=0.2.1"
rsa = {version = ">=3.1.4,<5", markers = "python_version >= \"3.6\""}
six = ">=1.9.0"

[package.extras]
aiohttp = ["aiohttp (>=3.6.2,<4.0.0dev)", "requests (>=2.20.0,<3.0.0dev)"]
enterprise_cert = ["cryptography (==36.0.2)", "pyopenssl (==22.0.0)"]
pyopenssl = ["pyopenssl (>=20.0.0)"]
reauth = ["pyu2f (>=0.1.5)"]

[[package]]
name = "grpcio"
version = "1.48.0"
description = "HTTP/2-based RPC framework"
category = "main"
optional = false
python-versions = ">=3.6"

[package.dependencies]
six = ">=1.5.2"

[package.extras]
protobuf = ["grpcio-tools (>=1.48.0)"]

[[package]]
name = "grpcio-tools"
version = "1.30.0"
description = "Protobuf code generator for gRPC"
category = "main"
optional = false
python-versions = "*"

[package.dependencies]
grpcio = ">=1.30.0"
protobuf = ">=3.5.0.post1"

[[package]]
name = "idna"
version = "3.3"
description = "Internationalized Domain Names in Applications (IDNA)"
category = "main"
optional = false
python-versions = ">=3.5"

[[package]]
name = "jmespath"
version = "1.0.1"
description = "JSON Matching Expressions"
category = "main"
optional = false
python-versions = ">=3.7"

[[package]]
name = "kubernetes"
version = "24.2.0"
description = "Kubernetes python client"
category = "main"
optional = false
python-versions = ">=3.6"

[package.dependencies]
certifi = ">=14.05.14"
google-auth = ">=1.0.1"
python-dateutil = ">=2.5.3"
pyyaml = ">=5.4.1"
requests = "*"
requests-oauthlib = "*"
six = ">=1.9.0"
urllib3 = ">=1.24.2"
websocket-client = ">=0.32.0,<0.40.0 || >0.40.0,<0.41.0 || >=0.43.0"

[package.extras]
adal = ["adal (>=1.0.2)"]

[[package]]
name = "logging-helper"
version = "1.9.0"
description = "Provides some enhancements to built-in logging module."
category = "main"
optional = false
python-versions = "*"

[package.dependencies]
better-exceptions = ">=0.1.6"
future = ">=0.16.0"
logging-tree = ">=1.7"

[package.extras]
test = ["testfixtures (>=5.4.0)"]

[[package]]
name = "logging-tree"
version = "1.9"
description = "Introspect and display the logger tree inside \"logging\""
category = "main"
optional = false
python-versions = "*"

[[package]]
name = "more-itertools"
version = "8.14.0"
description = "More routines for operating on iterables, beyond itertools"
category = "dev"
optional = false
python-versions = ">=3.5"

[[package]]
name = "oauthlib"
version = "3.2.0"
description = "A generic, spec-compliant, thorough implementation of the OAuth request-signing logic"
category = "main"
optional = false
python-versions = ">=3.6"

[package.extras]
rsa = ["cryptography (>=3.0.0)"]
signals = ["blinker (>=1.4.0)"]
signedtoken = ["cryptography (>=3.0.0)", "pyjwt (>=2.0.0,<3)"]

[[package]]
name = "packaging"
version = "21.3"
description = "Core utilities for Python packages"
category = "dev"
optional = false
python-versions = ">=3.6"

[package.dependencies]
pyparsing = ">=2.0.2,<3.0.5 || >3.0.5"

[[package]]
name = "pluggy"
version = "0.13.1"
description = "plugin and hook calling mechanisms for python"
category = "dev"
optional = false
python-versions = ">=2.7, !=3.0.*, !=3.1.*, !=3.2.*, !=3.3.*"

[package.extras]
dev = ["pre-commit", "tox"]

[[package]]
name = "protobuf"
version = "4.21.5"
description = ""
category = "main"
optional = false
python-versions = ">=3.7"

[[package]]
name = "py"
version = "1.11.0"
description = "library with cross-python path, ini-parsing, io, code, log facilities"
category = "dev"
optional = false
python-versions = ">=2.7, !=3.0.*, !=3.1.*, !=3.2.*, !=3.3.*, !=3.4.*"

[[package]]
name = "pyasn1"
version = "0.4.8"
description = "ASN.1 types and codecs"
category = "main"
optional = false
python-versions = "*"

[[package]]
name = "pyasn1-modules"
version = "0.2.8"
description = "A collection of ASN.1-based protocols modules."
category = "main"
optional = false
python-versions = "*"

[package.dependencies]
pyasn1 = ">=0.4.6,<0.5.0"

[[package]]
name = "pyhelm"
version = "2.14.5"
description = "Python bindings for Helm: Kubernetes package manager"
category = "main"
optional = false
python-versions = "*"

[package.dependencies]
boto3 = "*"
botocore = "*"
gitpython = "*"
grpcio = "*"
grpcio-tools = "*"
protobuf = "*"
PyYAML = "*"
requests = "*"
supermutes = "*"

[[package]]
name = "pyparsing"
version = "3.0.9"
description = "pyparsing module - Classes and methods to define and execute parsing grammars"
category = "dev"
optional = false
python-versions = ">=3.6.8"

[package.extras]
diagrams = ["jinja2", "railroad-diagrams"]

[[package]]
name = "pytest"
version = "5.4.3"
description = "pytest: simple powerful testing with Python"
category = "dev"
optional = false
python-versions = ">=3.5"

[package.dependencies]
atomicwrites = {version = ">=1.0", markers = "sys_platform == \"win32\""}
attrs = ">=17.4.0"
colorama = {version = "*", markers = "sys_platform == \"win32\""}
more-itertools = ">=4.0.0"
packaging = "*"
pluggy = ">=0.12,<1.0"
py = ">=1.5.0"
wcwidth = "*"

[package.extras]
checkqa-mypy = ["mypy (==v0.761)"]
testing = ["argcomplete", "hypothesis (>=3.56)", "mock", "nose", "requests", "xmlschema"]

[[package]]
name = "python-dateutil"
version = "2.8.2"
description = "Extensions to the standard Python datetime module"
category = "main"
optional = false
python-versions = "!=3.0.*,!=3.1.*,!=3.2.*,>=2.7"

[package.dependencies]
six = ">=1.5"

[[package]]
name = "pyyaml"
version = "6.0"
description = "YAML parser and emitter for Python"
category = "main"
optional = false
python-versions = ">=3.6"

[[package]]
name = "requests"
version = "2.28.1"
description = "Python HTTP for Humans."
category = "main"
optional = false
python-versions = ">=3.7, <4"

[package.dependencies]
certifi = ">=2017.4.17"
charset-normalizer = ">=2,<3"
idna = ">=2.5,<4"
urllib3 = ">=1.21.1,<1.27"

[package.extras]
socks = ["PySocks (>=1.5.6,!=1.5.7)"]
use_chardet_on_py3 = ["chardet (>=3.0.2,<6)"]

[[package]]
name = "requests-oauthlib"
version = "1.3.1"
description = "OAuthlib authentication support for Requests."
category = "main"
optional = false
python-versions = ">=2.7, !=3.0.*, !=3.1.*, !=3.2.*, !=3.3.*"

[package.dependencies]
oauthlib = ">=3.0.0"
requests = ">=2.0.0"

[package.extras]
rsa = ["oauthlib[signedtoken] (>=3.0.0)"]

[[package]]
name = "rsa"
version = "4.9"
description = "Pure-Python RSA implementation"
category = "main"
optional = false
python-versions = ">=3.6,<4"

[package.dependencies]
pyasn1 = ">=0.1.3"

[[package]]
name = "s3transfer"
version = "0.6.0"
description = "An Amazon S3 Transfer Manager"
category = "main"
optional = false
python-versions = ">= 3.7"

[package.dependencies]
botocore = ">=1.12.36,<2.0a.0"

[package.extras]
crt = ["botocore[crt] (>=1.20.29,<2.0a.0)"]

[[package]]
name = "six"
version = "1.16.0"
description = "Python 2 and 3 compatibility utilities"
category = "main"
optional = false
python-versions = ">=2.7, !=3.0.*, !=3.1.*, !=3.2.*"

[[package]]
name = "smmap"
version = "5.0.0"
description = "A pure Python implementation of a sliding window memory map manager"
category = "main"
optional = false
python-versions = ">=3.6"

[[package]]
name = "supermutes"
version = "0.2.5"
description = "A collection of super mutables"
category = "main"
optional = false
python-versions = "*"

[[package]]
name = "termcolor"
version = "1.1.0"
description = "ANSII Color formatting for output in terminal."
category = "main"
optional = false
python-versions = "*"

[[package]]
name = "timingsutil"
version = "1.7.0"
description = "A collection of timing utilities."
category = "main"
optional = false
python-versions = "*"

[package.dependencies]
logging-helper = ">=1.8.1"

[[package]]
name = "urllib3"
version = "1.26.12"
description = "HTTP library with thread-safe connection pooling, file post, and more."
category = "main"
optional = false
python-versions = ">=2.7, !=3.0.*, !=3.1.*, !=3.2.*, !=3.3.*, !=3.4.*, !=3.5.*, <4"

[package.extras]
brotli = ["brotli (>=1.0.9)", "brotlicffi (>=0.8.0)", "brotlipy (>=0.6.0)"]
secure = ["certifi", "cryptography (>=1.3.4)", "idna (>=2.0.0)", "ipaddress", "pyOpenSSL (>=0.14)", "urllib3-secure-extra"]
socks = ["PySocks (>=1.5.6,!=1.5.7,<2.0)"]

[[package]]
name = "wcwidth"
version = "0.2.5"
description = "Measures the displayed width of unicode strings in a terminal"
category = "dev"
optional = false
python-versions = "*"

[[package]]
name = "websocket-client"
version = "1.4.0"
description = "WebSocket client for Python with low level API options"
category = "main"
optional = false
python-versions = ">=3.7"

[package.extras]
docs = ["Sphinx (>=3.4)", "sphinx-rtd-theme (>=0.5)"]
optional = ["python-socks", "wsaccel"]
test = ["websockets"]

[metadata]
lock-version = "1.1"
python-versions = "^3.10"
content-hash = "cb207b2d531caa79649425fb4b99fb6e2cd44368bc7e8dc59039fa86d9f819c1"

[metadata.files]
atomicwrites = [
    {file = "atomicwrites-1.4.1.tar.gz", hash = "sha256:81b2c9071a49367a7f770170e5eec8cb66567cfbbc8c73d20ce5ca4a8d71cf11"},
]
attrs = [
    {file = "attrs-22.1.0-py2.py3-none-any.whl", hash = "sha256:86efa402f67bf2df34f51a335487cf46b1ec130d02b8d39fd248abfd30da551c"},
    {file = "attrs-22.1.0.tar.gz", hash = "sha256:29adc2665447e5191d0e7c568fde78b21f9672d344281d0c6e1ab085429b22b6"},
]
better-exceptions = [
    {file = "better_exceptions-0.3.3-py3-none-any.whl", hash = "sha256:9c70b1c61d5a179b84cd2c9d62c3324b667d74286207343645ed4306fdaad976"},
    {file = "better_exceptions-0.3.3-py3.8.egg", hash = "sha256:bf111d0c9994ac1123f29c24907362bed2320a86809c85f0d858396000667ce2"},
    {file = "better_exceptions-0.3.3.tar.gz", hash = "sha256:e4e6bc18444d5f04e6e894b10381e5e921d3d544240418162c7db57e9eb3453b"},
]
boto3 = [
    {file = "boto3-1.24.61-py3-none-any.whl", hash = "sha256:ec1aa3f4c2b68da1a9c01e175086f5f6b1b8b67780fa569ab8875be5bb3fd5ae"},
    {file = "boto3-1.24.61.tar.gz", hash = "sha256:b72496c7eaa45afbdfa48a7c648c3211342582d91c8c1b7330d09c18242132d1"},
]
botocore = [
    {file = "botocore-1.27.61-py3-none-any.whl", hash = "sha256:535c8e97ed28a38fd09dd8f4735195e761bbee54e4c6021f3a709a97b1287dd6"},
    {file = "botocore-1.27.61.tar.gz", hash = "sha256:99012965e2409665c7d86706862c5a141e01e1c4d2c81cb9409a44200ee59631"},
]
cachetools = [
    {file = "cachetools-5.2.0-py3-none-any.whl", hash = "sha256:f9f17d2aec496a9aa6b76f53e3b614c965223c061982d434d160f930c698a9db"},
    {file = "cachetools-5.2.0.tar.gz", hash = "sha256:6a94c6402995a99c3970cc7e4884bb60b4a8639938157eeed436098bf9831757"},
]
certifi = [
    {file = "certifi-2022.6.15-py3-none-any.whl", hash = "sha256:fe86415d55e84719d75f8b69414f6438ac3547d2078ab91b67e779ef69378412"},
    {file = "certifi-2022.6.15.tar.gz", hash = "sha256:84c85a9078b11105f04f3036a9482ae10e4621616db313fe045dd24743a0820d"},
]
charset-normalizer = [
    {file = "charset-normalizer-2.1.1.tar.gz", hash = "sha256:5a3d016c7c547f69d6f81fb0db9449ce888b418b5b9952cc5e6e66843e9dd845"},
    {file = "charset_normalizer-2.1.1-py3-none-any.whl", hash = "sha256:83e9a75d1911279afd89352c68b45348559d1fc0506b054b346651b5e7fee29f"},
]
cli-utils = [
    {file = "cli_utils-1.0.6-py2.py3-none-any.whl", hash = "sha256:3bf24902ca2601e01228d7503b843c7e5d0e5b6a399a979a4b3cd88b0785cac2"},
    {file = "cli_utils-1.0.6.tar.gz", hash = "sha256:d48cf3ed24bb8b1ca3c4a6c3c6a520bc7a3fca355714ea8ec60d18b0239058fb"},
]
colorama = [
    {file = "colorama-0.4.5-py2.py3-none-any.whl", hash = "sha256:854bf444933e37f5824ae7bfc1e98d5bce2ebe4160d46b5edf346a89358e99da"},
    {file = "colorama-0.4.5.tar.gz", hash = "sha256:e6c6b4334fc50988a639d9b98aa429a0b57da6e17b9a44f0451f930b6967b7a4"},
]
fire = [
    {file = "fire-0.4.0.tar.gz", hash = "sha256:c5e2b8763699d1142393a46d0e3e790c5eb2f0706082df8f647878842c216a62"},
]
future = [
    {file = "future-0.18.2.tar.gz", hash = "sha256:b1bead90b70cf6ec3f0710ae53a525360fa360d306a86583adc6bf83a4db537d"},
]
gitdb = [
    {file = "gitdb-4.0.9-py3-none-any.whl", hash = "sha256:8033ad4e853066ba6ca92050b9df2f89301b8fc8bf7e9324d412a63f8bf1a8fd"},
    {file = "gitdb-4.0.9.tar.gz", hash = "sha256:bac2fd45c0a1c9cf619e63a90d62bdc63892ef92387424b855792a6cabe789aa"},
]
gitpython = [
    {file = "GitPython-3.1.27-py3-none-any.whl", hash = "sha256:5b68b000463593e05ff2b261acff0ff0972df8ab1b70d3cdbd41b546c8b8fc3d"},
    {file = "GitPython-3.1.27.tar.gz", hash = "sha256:1c885ce809e8ba2d88a29befeb385fcea06338d3640712b59ca623c220bb5704"},
]
google-auth = [
    {file = "google-auth-2.11.0.tar.gz", hash = "sha256:ed65ecf9f681832298e29328e1ef0a3676e3732b2e56f41532d45f70a22de0fb"},
    {file = "google_auth-2.11.0-py2.py3-none-any.whl", hash = "sha256:be62acaae38d0049c21ca90f27a23847245c9f161ff54ede13af2cb6afecbac9"},
]
grpcio = [
    {file = "grpcio-1.48.0-cp310-cp310-linux_armv7l.whl", hash = "sha256:4a049a032144641ed5d073535c0dc69eb6029187cc729a66946c86dcc8eec3a1"},
    {file = "grpcio-1.48.0-cp310-cp310-macosx_10_10_x86_64.whl", hash = "sha256:f8bc76f5cd95f5476e5285fe5d3704a9332586a569fbbccef551b0b6f7a270f9"},
    {file = "grpcio-1.48.0-cp310-cp310-manylinux_2_17_aarch64.whl", hash = "sha256:448d397fe88e9fef8170f019b86abdc4d554ae311aaf4dbff1532fde227d3308"},
    {file = "grpcio-1.48.0-cp310-cp310-manylinux_2_17_i686.manylinux2014_i686.whl", hash = "sha256:8f9b6b6f7c83869d2316c5d13f953381881a16741275a34ec5ed5762f11b206e"},
    {file = "grpcio-1.48.0-cp310-cp310-manylinux_2_17_x86_64.manylinux2014_x86_64.whl", hash = "sha256:5bd8541c4b6b43c9024496d30b4a12346325d3a17a1f3c80ad8924caed1e35c3"},
    {file = "grpcio-1.48.0-cp310-cp310-musllinux_1_1_i686.whl", hash = "sha256:877d33aeba05ae0b9e81761a694914ed33613f655c35f6bbcf4ebbcb984e0167"},
    {file = "grpcio-1.48.0-cp310-cp310-musllinux_1_1_x86_64.whl", hash = "sha256:cd01a8201fd8ab2ce496f7e65975da1f1e629eac8eea84ead0fd77e32e4350cd"},
    {file = "grpcio-1.48.0-cp310-cp310-win32.whl", hash = "sha256:0388da923dff58ba7f711233e41c2b749b5817b8e0f137a107672d9c15a1009c"},
    {file = "grpcio-1.48.0-cp310-cp310-win_amd64.whl", hash = "sha256:8dcffdb8921fd88857ae350fd579277a5f9315351e89ed9094ef28927a46d40d"},
    {file = "grpcio-1.48.0-cp36-cp36m-linux_armv7l.whl", hash = "sha256:2138c50331232f56178c2b36dcfa6ad67aad705fe410955f3b2a53d722191b89"},
    {file = "grpcio-1.48.0-cp36-cp36m-macosx_10_10_x86_64.whl", hash = "sha256:af2d80f142da2a6af45204a5ca2374e2747af07a99de54a1164111e169a761ff"},
    {file = "grpcio-1.48.0-cp36-cp36m-manylinux_2_17_aarch64.whl", hash = "sha256:59284bd4cdf47c147c26d91aca693765318d524328f6ece2a1a0b85a12a362af"},
    {file = "grpcio-1.48.0-cp36-cp36m-manylinux_2_17_i686.manylinux2014_i686.whl", hash = "sha256:cc3ebfe356c0c6750379cd194bf2b7e5d1d2f29db1832358f05a73e9290db98c"},
    {file = "grpcio-1.48.0-cp36-cp36m-manylinux_2_17_x86_64.manylinux2014_x86_64.whl", hash = "sha256:dc2619a31339e1c53731f54761f1a2cb865d3421f690e00ef3e92f90d2a0c5ae"},
    {file = "grpcio-1.48.0-cp36-cp36m-musllinux_1_1_i686.whl", hash = "sha256:7df637405de328a54c1c8c08a3206f974c7a577730f90644af4c3400b7bfde2d"},
    {file = "grpcio-1.48.0-cp36-cp36m-musllinux_1_1_x86_64.whl", hash = "sha256:9e73b95969a579798bfbeb85d376695cce5172357fb52e450467ceb8e7365152"},
    {file = "grpcio-1.48.0-cp36-cp36m-win32.whl", hash = "sha256:059e9d58b5aba7fb9eabe3a4d2ac49e1dcbc2b54b0f166f6475e40b7f4435343"},
    {file = "grpcio-1.48.0-cp36-cp36m-win_amd64.whl", hash = "sha256:7cebcf645170f0c82ef71769544f9ac4515993a4d367f5900aba2eb4ecd2a32f"},
    {file = "grpcio-1.48.0-cp37-cp37m-linux_armv7l.whl", hash = "sha256:8af3a8845df35b838104d6fb1ae7f4969d248cf037fa2794916d31e917346f72"},
    {file = "grpcio-1.48.0-cp37-cp37m-macosx_10_10_x86_64.whl", hash = "sha256:a1ef40975ec9ced6c17ce7fbec9825823da782fa606f0b92392646ff3886f198"},
    {file = "grpcio-1.48.0-cp37-cp37m-manylinux_2_17_aarch64.whl", hash = "sha256:7cccbf6db31f2a78e1909047ff69620f94a4e6e53251858e9502fbbff5714b48"},
    {file = "grpcio-1.48.0-cp37-cp37m-manylinux_2_17_i686.manylinux2014_i686.whl", hash = "sha256:1f3f142579f58def64c0850f0bb0eb1b425ae885f5669dda5b73ade64ad2b753"},
    {file = "grpcio-1.48.0-cp37-cp37m-manylinux_2_17_x86_64.manylinux2014_x86_64.whl", hash = "sha256:656c6f6f7b815bca3054780b8cdfa1e4e37cd36c887a48558d00c2cf85f31697"},
    {file = "grpcio-1.48.0-cp37-cp37m-musllinux_1_1_i686.whl", hash = "sha256:cba4538e8a2ef123ea570e7b1d62162e158963c2471e35d79eb9690c971a10c0"},
    {file = "grpcio-1.48.0-cp37-cp37m-musllinux_1_1_x86_64.whl", hash = "sha256:9daa67820fafceec6194ed1686c1783816e62d6756ff301ba93e682948836846"},
    {file = "grpcio-1.48.0-cp37-cp37m-win32.whl", hash = "sha256:7ec264a7fb413e0c804a7a48a6f7d7212742955a60724c44d793da35a8f30873"},
    {file = "grpcio-1.48.0-cp37-cp37m-win_amd64.whl", hash = "sha256:a2b1b33b92359388b8164807313dcbb3317101b038a5d54342982560329d958f"},
    {file = "grpcio-1.48.0-cp38-cp38-linux_armv7l.whl", hash = "sha256:7b820696a5ce7b98f459f234698cb323f89b355373789188efa126d7f47a2a92"},
    {file = "grpcio-1.48.0-cp38-cp38-macosx_10_10_x86_64.whl", hash = "sha256:e4dfae66ebc165c46c5b7048eb554472ee72fbaab2c2c2da7f9b1621c81e077c"},
    {file = "grpcio-1.48.0-cp38-cp38-manylinux_2_17_aarch64.whl", hash = "sha256:f7115038edce33b494e0138b0bd31a2eb6595d45e2eed23be46bc32886feb741"},
    {file = "grpcio-1.48.0-cp38-cp38-manylinux_2_17_i686.manylinux2014_i686.whl", hash = "sha256:b4e996282238943ca114628255be61980e38b25f73a08ae2ffd02b63eaf70d3a"},
    {file = "grpcio-1.48.0-cp38-cp38-manylinux_2_17_x86_64.manylinux2014_x86_64.whl", hash = "sha256:13dad31f5155fa555d393511cc8108c41b1b5b54dc4c24c27d4694ddd7a78fad"},
    {file = "grpcio-1.48.0-cp38-cp38-musllinux_1_1_i686.whl", hash = "sha256:c84b9d90b2641963de98b35bb7a2a51f78119fe5bd00ef27246ba9f4f0835e36"},
    {file = "grpcio-1.48.0-cp38-cp38-musllinux_1_1_x86_64.whl", hash = "sha256:41b65166779d7dafac4c98380ac19f690f1c5fe18083a71d370df87b24dd30ff"},
    {file = "grpcio-1.48.0-cp38-cp38-win32.whl", hash = "sha256:b890e5f5fbc21cb994894f73ecb2faaa66697d8debcb228a5adb0622b9bec3b2"},
    {file = "grpcio-1.48.0-cp38-cp38-win_amd64.whl", hash = "sha256:5fe3af539d2f50891ed93aed3064ffbcc38bf848aa3f7ed1fbedcce139c57302"},
    {file = "grpcio-1.48.0-cp39-cp39-linux_armv7l.whl", hash = "sha256:a4ed57f4e3d91259551e6765782b22d9e8b8178fec43ebf8e1b2c392c4ced37b"},
    {file = "grpcio-1.48.0-cp39-cp39-macosx_10_10_x86_64.whl", hash = "sha256:60843d8184e171886dd7a93d6672e2ef0b08dfd4f88da7421c10b46b6e031ac4"},
    {file = "grpcio-1.48.0-cp39-cp39-manylinux_2_17_aarch64.whl", hash = "sha256:0ecba22f25ccde2442be7e7dd7fa746905d628f03312b4a0c9961f0d99771f53"},
    {file = "grpcio-1.48.0-cp39-cp39-manylinux_2_17_i686.manylinux2014_i686.whl", hash = "sha256:34f5917f0c49a04633dc12d483c8aee6f6d9f69133b700214d3703f72a72f501"},
    {file = "grpcio-1.48.0-cp39-cp39-manylinux_2_17_x86_64.manylinux2014_x86_64.whl", hash = "sha256:f4c4ad8ad7e2cf3a272cbc96734d56635e6543939022f17e0c4487f7d2a45bf9"},
    {file = "grpcio-1.48.0-cp39-cp39-musllinux_1_1_i686.whl", hash = "sha256:111fb2f5f4a069f331ae23106145fd16dd4e1112ca223858a922068614dac6d2"},
    {file = "grpcio-1.48.0-cp39-cp39-musllinux_1_1_x86_64.whl", hash = "sha256:beb0573daa49889efcfea0a6e995b4f39d481aa1b94e1257617406ef417b56a6"},
    {file = "grpcio-1.48.0-cp39-cp39-win32.whl", hash = "sha256:ce70254a082cb767217b2fdee374cc79199d338d46140753438cd6d67c609b2f"},
    {file = "grpcio-1.48.0-cp39-cp39-win_amd64.whl", hash = "sha256:ae3fd135666448058fe277d93c10e0f18345fbcbb015c4642de2fa3db6f0c205"},
    {file = "grpcio-1.48.0.tar.gz", hash = "sha256:eaf4bb73819863440727195411ab3b5c304f6663625e66f348e91ebe0a039306"},
]
grpcio-tools = [
    {file = "grpcio-tools-1.30.0.tar.gz", hash = "sha256:7878adb93b0c1941eb2e0bed60719f38cda2ae5568bc0bcaa701f457e719a329"},
    {file = "grpcio_tools-1.30.0-cp27-cp27m-macosx_10_9_x86_64.whl", hash = "sha256:755ccf09cbb16c0516a1e3d8db49ce2a657fd78d0bfc2491cb6520dfa6b43ddc"},
    {file = "grpcio_tools-1.30.0-cp27-cp27m-manylinux2010_i686.whl", hash = "sha256:de1ee76eba242d866fc030d5cc58f90181eb89de9ae30387e6e8d5a11f547981"},
    {file = "grpcio_tools-1.30.0-cp27-cp27m-manylinux2010_x86_64.whl", hash = "sha256:6876271f360248a9cf37e7c2d0f8c3c034be53b3d6a5d015fb5e69a014bf121f"},
    {file = "grpcio_tools-1.30.0-cp27-cp27m-win32.whl", hash = "sha256:3a03757a79ed9cff536bec1394721bbdc279dd59d8c0827101ba80eab894836d"},
    {file = "grpcio_tools-1.30.0-cp27-cp27m-win_amd64.whl", hash = "sha256:5f2b65df9ba3b83141d9a53a841758c97792ce36d7cf2067f657af0b43773c29"},
    {file = "grpcio_tools-1.30.0-cp27-cp27mu-linux_armv7l.whl", hash = "sha256:2ca9b683db30cb29b00eb6a8274e700f8a585c9c8678213ec83f52cd1895eac5"},
    {file = "grpcio_tools-1.30.0-cp27-cp27mu-manylinux2010_i686.whl", hash = "sha256:c3528d8f72fbd8cec8770af6989054a9b945c58bd685042abcbd8d5ea4333f9f"},
    {file = "grpcio_tools-1.30.0-cp27-cp27mu-manylinux2010_x86_64.whl", hash = "sha256:ecdd0fa0fd71a9754bbd75927d391be26c4f0b556563c742780da085aa8d530d"},
    {file = "grpcio_tools-1.30.0-cp35-cp35m-linux_armv7l.whl", hash = "sha256:089be110fc7e853709f68505be508aa055eff96bcb9b138e15f043bdb9d89011"},
    {file = "grpcio_tools-1.30.0-cp35-cp35m-macosx_10_9_intel.whl", hash = "sha256:2df744b0a1b70e80392fba66fb2141f8c88ecd4fff5c46f04e7e4c976fe05339"},
    {file = "grpcio_tools-1.30.0-cp35-cp35m-manylinux2010_i686.whl", hash = "sha256:33d448bfdb65763ae2d4889b3981688dcf805df9b038c73fed12addf7bebd0a4"},
    {file = "grpcio_tools-1.30.0-cp35-cp35m-manylinux2010_x86_64.whl", hash = "sha256:96338008a77fc284443707ebd014bb4114cd97ab529ebd63f157f83cbcb6e88d"},
    {file = "grpcio_tools-1.30.0-cp35-cp35m-win32.whl", hash = "sha256:e82b7d382d525a0649f87fb86a993fdf385b16f15c9c29d15f8da7b9e53dc6ac"},
    {file = "grpcio_tools-1.30.0-cp35-cp35m-win_amd64.whl", hash = "sha256:3454b4332dbe80f0692317d315f34acc086d6c347d3f6527b05a774a5712af84"},
    {file = "grpcio_tools-1.30.0-cp36-cp36m-linux_armv7l.whl", hash = "sha256:62bb395d1d4e077bc1109d248e23af3200429c8e3358d47cf1a6c2ec7a429716"},
    {file = "grpcio_tools-1.30.0-cp36-cp36m-macosx_10_9_x86_64.whl", hash = "sha256:0c78d3b2d46f5b704928dcedc34ec084d765b492781ebeae565ee2adba18ad9a"},
    {file = "grpcio_tools-1.30.0-cp36-cp36m-manylinux2010_i686.whl", hash = "sha256:160c8c1f27bb44629da5e0c1e8e656ca2cda001bfb2fb7e346172933e08dc456"},
    {file = "grpcio_tools-1.30.0-cp36-cp36m-manylinux2010_x86_64.whl", hash = "sha256:296acc97fd54957a2e3a25c28ab667a1e8e7ccc5daf97866e2af0960c63341cb"},
    {file = "grpcio_tools-1.30.0-cp36-cp36m-win32.whl", hash = "sha256:2af37ee55e466d364ca121273c1332e6430c0006c172a490d3594c8cacceb577"},
    {file = "grpcio_tools-1.30.0-cp36-cp36m-win_amd64.whl", hash = "sha256:83cd3231ce1c88fa2c896cab164320245ee371d45ea054375beb5a0cd75ce4da"},
    {file = "grpcio_tools-1.30.0-cp37-cp37m-macosx_10_9_x86_64.whl", hash = "sha256:a4fca9bea2ee4896164f83dde28aaa7407ce27343eb265f41b1122e5c91da6ec"},
    {file = "grpcio_tools-1.30.0-cp37-cp37m-manylinux2010_i686.whl", hash = "sha256:9165773bb93aff153abce255a25ccabb5d94d1103ee195ec60fef127a2c5a035"},
    {file = "grpcio_tools-1.30.0-cp37-cp37m-manylinux2010_x86_64.whl", hash = "sha256:0928912acdf5a9e93fc3c47e37f2c81fc48ed019a40964abe8cbd927d3b2a9cb"},
    {file = "grpcio_tools-1.30.0-cp37-cp37m-win32.whl", hash = "sha256:9af3bcfdceb3a5f89670808a129c2cf4f5d5d0d5018f0e1c7faf58a4d9547f76"},
    {file = "grpcio_tools-1.30.0-cp37-cp37m-win_amd64.whl", hash = "sha256:faa9ae69d1c623da0e65385406c4cfa782966be3cf3bdf2c6faa6f46281a4d49"},
    {file = "grpcio_tools-1.30.0-cp38-cp38-macosx_10_9_x86_64.whl", hash = "sha256:601bd2001ba9e4f2ccdf7b363c436397dcc5211194fe180fa0ad2a21df5a738e"},
    {file = "grpcio_tools-1.30.0-cp38-cp38-manylinux2010_i686.whl", hash = "sha256:7874f5783bdf6afd8f8b6de721952ccc6568cf71fc7dae695a296998cd2cf1d5"},
    {file = "grpcio_tools-1.30.0-cp38-cp38-manylinux2010_x86_64.whl", hash = "sha256:fd61d5492219f59d11d390bc223b937ef80e36aee84218497135226fdf5f41d1"},
    {file = "grpcio_tools-1.30.0-cp38-cp38-win32.whl", hash = "sha256:912dbabb7e29dbc0f4457c214a2cb9738e224553e9d177224ec357c2f295b533"},
    {file = "grpcio_tools-1.30.0-cp38-cp38-win_amd64.whl", hash = "sha256:169c4b218584b071201b01ae2354bf3adf2f7d927b04154825f19b3764394fbf"},
]
idna = [
    {file = "idna-3.3-py3-none-any.whl", hash = "sha256:84d9dd047ffa80596e0f246e2eab0b391788b0503584e8945f2368256d2735ff"},
    {file = "idna-3.3.tar.gz", hash = "sha256:9d643ff0a55b762d5cdb124b8eaa99c66322e2157b69160bc32796e824360e6d"},
]
jmespath = [
    {file = "jmespath-1.0.1-py3-none-any.whl", hash = "sha256:02e2e4cc71b5bcab88332eebf907519190dd9e6e82107fa7f83b1003a6252980"},
    {file = "jmespath-1.0.1.tar.gz", hash = "sha256:90261b206d6defd58fdd5e85f478bf633a2901798906be2ad389150c5c60edbe"},
]
kubernetes = [
    {file = "kubernetes-24.2.0-py2.py3-none-any.whl", hash = "sha256:da19d58865cf903a8c7b9c3691a2e6315d583a98f0659964656dfdf645bf7e49"},
    {file = "kubernetes-24.2.0.tar.gz", hash = "sha256:9900f12ae92007533247167d14cdee949cd8c7721f88b4a7da5f5351da3834cd"},
]
logging-helper = [
    {file = "logging_helper-1.9.0-py2.py3-none-any.whl", hash = "sha256:ceddac5d419b2b0acc0507a693e455c24d05d71883606a22722b7cabaf1de252"},
    {file = "logging_helper-1.9.0.tar.gz", hash = "sha256:03aaff3c4e6967f7a18d576acba1adf22c47d30df4d4bf9164514d046c818645"},
]
logging-tree = [
    {file = "logging_tree-1.9-py2.py3-none-any.whl", hash = "sha256:1aa4c74f9ae0a86d14bb1d36b2e3066324e22132e6e55200d4ecf009dba4c536"},
    {file = "logging_tree-1.9.tar.gz", hash = "sha256:fe78b28788c249b515d12a50417e4a96ba095582927b3601a0573886bffc1ff0"},
]
more-itertools = [
    {file = "more-itertools-8.14.0.tar.gz", hash = "sha256:c09443cd3d5438b8dafccd867a6bc1cb0894389e90cb53d227456b0b0bccb750"},
    {file = "more_itertools-8.14.0-py3-none-any.whl", hash = "sha256:1bc4f91ee5b1b31ac7ceacc17c09befe6a40a503907baf9c839c229b5095cfd2"},
]
oauthlib = [
    {file = "oauthlib-3.2.0-py3-none-any.whl", hash = "sha256:6db33440354787f9b7f3a6dbd4febf5d0f93758354060e802f6c06cb493022fe"},
    {file = "oauthlib-3.2.0.tar.gz", hash = "sha256:23a8208d75b902797ea29fd31fa80a15ed9dc2c6c16fe73f5d346f83f6fa27a2"},
]
packaging = [
    {file = "packaging-21.3-py3-none-any.whl", hash = "sha256:ef103e05f519cdc783ae24ea4e2e0f508a9c99b2d4969652eed6a2e1ea5bd522"},
    {file = "packaging-21.3.tar.gz", hash = "sha256:dd47c42927d89ab911e606518907cc2d3a1f38bbd026385970643f9c5b8ecfeb"},
]
pluggy = [
    {file = "pluggy-0.13.1-py2.py3-none-any.whl", hash = "sha256:966c145cd83c96502c3c3868f50408687b38434af77734af1e9ca461a4081d2d"},
    {file = "pluggy-0.13.1.tar.gz", hash = "sha256:15b2acde666561e1298d71b523007ed7364de07029219b604cf808bfa1c765b0"},
]
protobuf = [
    {file = "protobuf-4.21.5-cp310-abi3-win32.whl", hash = "sha256:5310cbe761e87f0c1decce019d23f2101521d4dfff46034f8a12a53546036ec7"},
    {file = "protobuf-4.21.5-cp310-abi3-win_amd64.whl", hash = "sha256:e5c5a2886ae48d22a9d32fbb9b6636a089af3cd26b706750258ce1ca96cc0116"},
    {file = "protobuf-4.21.5-cp37-abi3-macosx_10_9_universal2.whl", hash = "sha256:ee04f5823ed98bb9a8c3b1dc503c49515e0172650875c3f76e225b223793a1f2"},
    {file = "protobuf-4.21.5-cp37-abi3-manylinux2014_aarch64.whl", hash = "sha256:b04484d6f42f48c57dd2737a72692f4c6987529cdd148fb5b8e5f616862a2e37"},
    {file = "protobuf-4.21.5-cp37-abi3-manylinux2014_x86_64.whl", hash = "sha256:5e0b272217aad8971763960238c1a1e6a65d50ef7824e23300da97569a251c55"},
    {file = "protobuf-4.21.5-cp37-cp37m-win32.whl", hash = "sha256:5eb0724615e90075f1d763983e708e1cef08e66b1891d8b8b6c33bc3b2f1a02b"},
    {file = "protobuf-4.21.5-cp37-cp37m-win_amd64.whl", hash = "sha256:011c0f267e85f5d73750b6c25f0155d5db1e9443cd3590ab669a6221dd8fcdb0"},
    {file = "protobuf-4.21.5-cp38-cp38-win32.whl", hash = "sha256:7b6f22463e2d1053d03058b7b4ceca6e4ed4c14f8c286c32824df751137bf8e7"},
    {file = "protobuf-4.21.5-cp38-cp38-win_amd64.whl", hash = "sha256:b52e7a522911a40445a5f588bd5b5e584291bfc5545e09b7060685e4b2ff814f"},
    {file = "protobuf-4.21.5-cp39-cp39-win32.whl", hash = "sha256:a7faa62b183d6a928e3daffd06af843b4287d16ef6e40f331575ecd236a7974d"},
    {file = "protobuf-4.21.5-cp39-cp39-win_amd64.whl", hash = "sha256:5e0ce02418ef03d7657a420ae8fd6fec4995ac713a3cb09164e95f694dbcf085"},
    {file = "protobuf-4.21.5-py2.py3-none-any.whl", hash = "sha256:bf711b451212dc5b0fa45ae7dada07d8e71a4b0ff0bc8e4783ee145f47ac4f82"},
    {file = "protobuf-4.21.5-py3-none-any.whl", hash = "sha256:3ec6f5b37935406bb9df9b277e79f8ed81d697146e07ef2ba8a5a272fb24b2c9"},
    {file = "protobuf-4.21.5.tar.gz", hash = "sha256:eb1106e87e095628e96884a877a51cdb90087106ee693925ec0a300468a9be3a"},
]
py = [
    {file = "py-1.11.0-py2.py3-none-any.whl", hash = "sha256:607c53218732647dff4acdfcd50cb62615cedf612e72d1724fb1a0cc6405b378"},
    {file = "py-1.11.0.tar.gz", hash = "sha256:51c75c4126074b472f746a24399ad32f6053d1b34b68d2fa41e558e6f4a98719"},
]
pyasn1 = [
    {file = "pyasn1-0.4.8-py2.4.egg", hash = "sha256:fec3e9d8e36808a28efb59b489e4528c10ad0f480e57dcc32b4de5c9d8c9fdf3"},
    {file = "pyasn1-0.4.8-py2.5.egg", hash = "sha256:0458773cfe65b153891ac249bcf1b5f8f320b7c2ce462151f8fa74de8934becf"},
    {file = "pyasn1-0.4.8-py2.6.egg", hash = "sha256:5c9414dcfede6e441f7e8f81b43b34e834731003427e5b09e4e00e3172a10f00"},
    {file = "pyasn1-0.4.8-py2.7.egg", hash = "sha256:6e7545f1a61025a4e58bb336952c5061697da694db1cae97b116e9c46abcf7c8"},
    {file = "pyasn1-0.4.8-py2.py3-none-any.whl", hash = "sha256:39c7e2ec30515947ff4e87fb6f456dfc6e84857d34be479c9d4a4ba4bf46aa5d"},
    {file = "pyasn1-0.4.8-py3.1.egg", hash = "sha256:78fa6da68ed2727915c4767bb386ab32cdba863caa7dbe473eaae45f9959da86"},
    {file = "pyasn1-0.4.8-py3.2.egg", hash = "sha256:08c3c53b75eaa48d71cf8c710312316392ed40899cb34710d092e96745a358b7"},
    {file = "pyasn1-0.4.8-py3.3.egg", hash = "sha256:03840c999ba71680a131cfaee6fab142e1ed9bbd9c693e285cc6aca0d555e576"},
    {file = "pyasn1-0.4.8-py3.4.egg", hash = "sha256:7ab8a544af125fb704feadb008c99a88805126fb525280b2270bb25cc1d78a12"},
    {file = "pyasn1-0.4.8-py3.5.egg", hash = "sha256:e89bf84b5437b532b0803ba5c9a5e054d21fec423a89952a74f87fa2c9b7bce2"},
    {file = "pyasn1-0.4.8-py3.6.egg", hash = "sha256:014c0e9976956a08139dc0712ae195324a75e142284d5f87f1a87ee1b068a359"},
    {file = "pyasn1-0.4.8-py3.7.egg", hash = "sha256:99fcc3c8d804d1bc6d9a099921e39d827026409a58f2a720dcdb89374ea0c776"},
    {file = "pyasn1-0.4.8.tar.gz", hash = "sha256:aef77c9fb94a3ac588e87841208bdec464471d9871bd5050a287cc9a475cd0ba"},
]
pyasn1-modules = [
    {file = "pyasn1-modules-0.2.8.tar.gz", hash = "sha256:905f84c712230b2c592c19470d3ca8d552de726050d1d1716282a1f6146be65e"},
    {file = "pyasn1_modules-0.2.8-py2.4.egg", hash = "sha256:0fe1b68d1e486a1ed5473f1302bd991c1611d319bba158e98b106ff86e1d7199"},
    {file = "pyasn1_modules-0.2.8-py2.5.egg", hash = "sha256:fe0644d9ab041506b62782e92b06b8c68cca799e1a9636ec398675459e031405"},
    {file = "pyasn1_modules-0.2.8-py2.6.egg", hash = "sha256:a99324196732f53093a84c4369c996713eb8c89d360a496b599fb1a9c47fc3eb"},
    {file = "pyasn1_modules-0.2.8-py2.7.egg", hash = "sha256:0845a5582f6a02bb3e1bde9ecfc4bfcae6ec3210dd270522fee602365430c3f8"},
    {file = "pyasn1_modules-0.2.8-py2.py3-none-any.whl", hash = "sha256:a50b808ffeb97cb3601dd25981f6b016cbb3d31fbf57a8b8a87428e6158d0c74"},
    {file = "pyasn1_modules-0.2.8-py3.1.egg", hash = "sha256:f39edd8c4ecaa4556e989147ebf219227e2cd2e8a43c7e7fcb1f1c18c5fd6a3d"},
    {file = "pyasn1_modules-0.2.8-py3.2.egg", hash = "sha256:b80486a6c77252ea3a3e9b1e360bc9cf28eaac41263d173c032581ad2f20fe45"},
    {file = "pyasn1_modules-0.2.8-py3.3.egg", hash = "sha256:65cebbaffc913f4fe9e4808735c95ea22d7a7775646ab690518c056784bc21b4"},
    {file = "pyasn1_modules-0.2.8-py3.4.egg", hash = "sha256:15b7c67fabc7fc240d87fb9aabf999cf82311a6d6fb2c70d00d3d0604878c811"},
    {file = "pyasn1_modules-0.2.8-py3.5.egg", hash = "sha256:426edb7a5e8879f1ec54a1864f16b882c2837bfd06eee62f2c982315ee2473ed"},
    {file = "pyasn1_modules-0.2.8-py3.6.egg", hash = "sha256:cbac4bc38d117f2a49aeedec4407d23e8866ea4ac27ff2cf7fb3e5b570df19e0"},
    {file = "pyasn1_modules-0.2.8-py3.7.egg", hash = "sha256:c29a5e5cc7a3f05926aff34e097e84f8589cd790ce0ed41b67aed6857b26aafd"},
]
pyhelm = [
    {file = "pyhelm-2.14.5.tar.gz", hash = "sha256:b58450145d6d97e2a091f8b8be312e8fbc3a01eab213142a2e07a73c9c926ca3"},
]
pyparsing = [
    {file = "pyparsing-3.0.9-py3-none-any.whl", hash = "sha256:5026bae9a10eeaefb61dab2f09052b9f4307d44aee4eda64b309723d8d206bbc"},
    {file = "pyparsing-3.0.9.tar.gz", hash = "sha256:2b020ecf7d21b687f219b71ecad3631f644a47f01403fa1d1036b0c6416d70fb"},
]
pytest = [
    {file = "pytest-5.4.3-py3-none-any.whl", hash = "sha256:5c0db86b698e8f170ba4582a492248919255fcd4c79b1ee64ace34301fb589a1"},
    {file = "pytest-5.4.3.tar.gz", hash = "sha256:7979331bfcba207414f5e1263b5a0f8f521d0f457318836a7355531ed1a4c7d8"},
]
python-dateutil = [
    {file = "python-dateutil-2.8.2.tar.gz", hash = "sha256:0123cacc1627ae19ddf3c27a5de5bd67ee4586fbdd6440d9748f8abb483d3e86"},
    {file = "python_dateutil-2.8.2-py2.py3-none-any.whl", hash = "sha256:961d03dc3453ebbc59dbdea9e4e11c5651520a876d0f4db161e8674aae935da9"},
]
pyyaml = [
    {file = "PyYAML-6.0-cp310-cp310-macosx_10_9_x86_64.whl", hash = "sha256:d4db7c7aef085872ef65a8fd7d6d09a14ae91f691dec3e87ee5ee0539d516f53"},
    {file = "PyYAML-6.0-cp310-cp310-macosx_11_0_arm64.whl", hash = "sha256:9df7ed3b3d2e0ecfe09e14741b857df43adb5a3ddadc919a2d94fbdf78fea53c"},
    {file = "PyYAML-6.0-cp310-cp310-manylinux_2_17_aarch64.manylinux2014_aarch64.whl", hash = "sha256:77f396e6ef4c73fdc33a9157446466f1cff553d979bd00ecb64385760c6babdc"},
    {file = "PyYAML-6.0-cp310-cp310-manylinux_2_17_s390x.manylinux2014_s390x.whl", hash = "sha256:a80a78046a72361de73f8f395f1f1e49f956c6be882eed58505a15f3e430962b"},
    {file = "PyYAML-6.0-cp310-cp310-manylinux_2_5_x86_64.manylinux1_x86_64.manylinux_2_12_x86_64.manylinux2010_x86_64.whl", hash = "sha256:f84fbc98b019fef2ee9a1cb3ce93e3187a6df0b2538a651bfb890254ba9f90b5"},
    {file = "PyYAML-6.0-cp310-cp310-win32.whl", hash = "sha256:2cd5df3de48857ed0544b34e2d40e9fac445930039f3cfe4bcc592a1f836d513"},
    {file = "PyYAML-6.0-cp310-cp310-win_amd64.whl", hash = "sha256:daf496c58a8c52083df09b80c860005194014c3698698d1a57cbcfa182142a3a"},
    {file = "PyYAML-6.0-cp36-cp36m-macosx_10_9_x86_64.whl", hash = "sha256:897b80890765f037df3403d22bab41627ca8811ae55e9a722fd0392850ec4d86"},
    {file = "PyYAML-6.0-cp36-cp36m-manylinux_2_17_aarch64.manylinux2014_aarch64.whl", hash = "sha256:50602afada6d6cbfad699b0c7bb50d5ccffa7e46a3d738092afddc1f9758427f"},
    {file = "PyYAML-6.0-cp36-cp36m-manylinux_2_17_s390x.manylinux2014_s390x.whl", hash = "sha256:48c346915c114f5fdb3ead70312bd042a953a8ce5c7106d5bfb1a5254e47da92"},
    {file = "PyYAML-6.0-cp36-cp36m-manylinux_2_5_x86_64.manylinux1_x86_64.manylinux_2_12_x86_64.manylinux2010_x86_64.whl", hash = "sha256:98c4d36e99714e55cfbaaee6dd5badbc9a1ec339ebfc3b1f52e293aee6bb71a4"},
    {file = "PyYAML-6.0-cp36-cp36m-win32.whl", hash = "sha256:0283c35a6a9fbf047493e3a0ce8d79ef5030852c51e9d911a27badfde0605293"},
    {file = "PyYAML-6.0-cp36-cp36m-win_amd64.whl", hash = "sha256:07751360502caac1c067a8132d150cf3d61339af5691fe9e87803040dbc5db57"},
    {file = "PyYAML-6.0-cp37-cp37m-macosx_10_9_x86_64.whl", hash = "sha256:819b3830a1543db06c4d4b865e70ded25be52a2e0631ccd2f6a47a2822f2fd7c"},
    {file = "PyYAML-6.0-cp37-cp37m-manylinux_2_17_aarch64.manylinux2014_aarch64.whl", hash = "sha256:473f9edb243cb1935ab5a084eb238d842fb8f404ed2193a915d1784b5a6b5fc0"},
    {file = "PyYAML-6.0-cp37-cp37m-manylinux_2_17_s390x.manylinux2014_s390x.whl", hash = "sha256:0ce82d761c532fe4ec3f87fc45688bdd3a4c1dc5e0b4a19814b9009a29baefd4"},
    {file = "PyYAML-6.0-cp37-cp37m-manylinux_2_5_x86_64.manylinux1_x86_64.manylinux_2_12_x86_64.manylinux2010_x86_64.whl", hash = "sha256:231710d57adfd809ef5d34183b8ed1eeae3f76459c18fb4a0b373ad56bedcdd9"},
    {file = "PyYAML-6.0-cp37-cp37m-win32.whl", hash = "sha256:c5687b8d43cf58545ade1fe3e055f70eac7a5a1a0bf42824308d868289a95737"},
    {file = "PyYAML-6.0-cp37-cp37m-win_amd64.whl", hash = "sha256:d15a181d1ecd0d4270dc32edb46f7cb7733c7c508857278d3d378d14d606db2d"},
    {file = "PyYAML-6.0-cp38-cp38-macosx_10_9_x86_64.whl", hash = "sha256:0b4624f379dab24d3725ffde76559cff63d9ec94e1736b556dacdfebe5ab6d4b"},
    {file = "PyYAML-6.0-cp38-cp38-manylinux_2_17_aarch64.manylinux2014_aarch64.whl", hash = "sha256:213c60cd50106436cc818accf5baa1aba61c0189ff610f64f4a3e8c6726218ba"},
    {file = "PyYAML-6.0-cp38-cp38-manylinux_2_17_s390x.manylinux2014_s390x.whl", hash = "sha256:9fa600030013c4de8165339db93d182b9431076eb98eb40ee068700c9c813e34"},
    {file = "PyYAML-6.0-cp38-cp38-manylinux_2_5_x86_64.manylinux1_x86_64.manylinux_2_12_x86_64.manylinux2010_x86_64.whl", hash = "sha256:277a0ef2981ca40581a47093e9e2d13b3f1fbbeffae064c1d21bfceba2030287"},
    {file = "PyYAML-6.0-cp38-cp38-win32.whl", hash = "sha256:d4eccecf9adf6fbcc6861a38015c2a64f38b9d94838ac1810a9023a0609e1b78"},
    {file = "PyYAML-6.0-cp38-cp38-win_amd64.whl", hash = "sha256:1e4747bc279b4f613a09eb64bba2ba602d8a6664c6ce6396a4d0cd413a50ce07"},
    {file = "PyYAML-6.0-cp39-cp39-macosx_10_9_x86_64.whl", hash = "sha256:055d937d65826939cb044fc8c9b08889e8c743fdc6a32b33e2390f66013e449b"},
    {file = "PyYAML-6.0-cp39-cp39-macosx_11_0_arm64.whl", hash = "sha256:e61ceaab6f49fb8bdfaa0f92c4b57bcfbea54c09277b1b4f7ac376bfb7a7c174"},
    {file = "PyYAML-6.0-cp39-cp39-manylinux_2_17_aarch64.manylinux2014_aarch64.whl", hash = "sha256:d67d839ede4ed1b28a4e8909735fc992a923cdb84e618544973d7dfc71540803"},
    {file = "PyYAML-6.0-cp39-cp39-manylinux_2_17_s390x.manylinux2014_s390x.whl", hash = "sha256:cba8c411ef271aa037d7357a2bc8f9ee8b58b9965831d9e51baf703280dc73d3"},
    {file = "PyYAML-6.0-cp39-cp39-manylinux_2_5_x86_64.manylinux1_x86_64.manylinux_2_12_x86_64.manylinux2010_x86_64.whl", hash = "sha256:40527857252b61eacd1d9af500c3337ba8deb8fc298940291486c465c8b46ec0"},
    {file = "PyYAML-6.0-cp39-cp39-win32.whl", hash = "sha256:b5b9eccad747aabaaffbc6064800670f0c297e52c12754eb1d976c57e4f74dcb"},
    {file = "PyYAML-6.0-cp39-cp39-win_amd64.whl", hash = "sha256:b3d267842bf12586ba6c734f89d1f5b871df0273157918b0ccefa29deb05c21c"},
    {file = "PyYAML-6.0.tar.gz", hash = "sha256:68fb519c14306fec9720a2a5b45bc9f0c8d1b9c72adf45c37baedfcd949c35a2"},
]
requests = [
    {file = "requests-2.28.1-py3-none-any.whl", hash = "sha256:8fefa2a1a1365bf5520aac41836fbee479da67864514bdb821f31ce07ce65349"},
    {file = "requests-2.28.1.tar.gz", hash = "sha256:7c5599b102feddaa661c826c56ab4fee28bfd17f5abca1ebbe3e7f19d7c97983"},
]
requests-oauthlib = [
    {file = "requests-oauthlib-1.3.1.tar.gz", hash = "sha256:75beac4a47881eeb94d5ea5d6ad31ef88856affe2332b9aafb52c6452ccf0d7a"},
    {file = "requests_oauthlib-1.3.1-py2.py3-none-any.whl", hash = "sha256:2577c501a2fb8d05a304c09d090d6e47c306fef15809d102b327cf8364bddab5"},
]
rsa = [
    {file = "rsa-4.9-py3-none-any.whl", hash = "sha256:90260d9058e514786967344d0ef75fa8727eed8a7d2e43ce9f4bcf1b536174f7"},
    {file = "rsa-4.9.tar.gz", hash = "sha256:e38464a49c6c85d7f1351b0126661487a7e0a14a50f1675ec50eb34d4f20ef21"},
]
s3transfer = [
    {file = "s3transfer-0.6.0-py3-none-any.whl", hash = "sha256:06176b74f3a15f61f1b4f25a1fc29a4429040b7647133a463da8fa5bd28d5ecd"},
    {file = "s3transfer-0.6.0.tar.gz", hash = "sha256:2ed07d3866f523cc561bf4a00fc5535827981b117dd7876f036b0c1aca42c947"},
]
six = [
    {file = "six-1.16.0-py2.py3-none-any.whl", hash = "sha256:8abb2f1d86890a2dfb989f9a77cfcfd3e47c2a354b01111771326f8aa26e0254"},
    {file = "six-1.16.0.tar.gz", hash = "sha256:1e61c37477a1626458e36f7b1d82aa5c9b094fa4802892072e49de9c60c4c926"},
]
smmap = [
    {file = "smmap-5.0.0-py3-none-any.whl", hash = "sha256:2aba19d6a040e78d8b09de5c57e96207b09ed71d8e55ce0959eeee6c8e190d94"},
    {file = "smmap-5.0.0.tar.gz", hash = "sha256:c840e62059cd3be204b0c9c9f74be2c09d5648eddd4580d9314c3ecde0b30936"},
]
supermutes = [
    {file = "supermutes-0.2.5.tar.gz", hash = "sha256:c4a3f9699c48df241d08eab218796e3056af78fafcf41bc2b0ddfe23d64831e4"},
]
termcolor = [
    {file = "termcolor-1.1.0.tar.gz", hash = "sha256:1d6d69ce66211143803fbc56652b41d73b4a400a2891d7bf7a1cdf4c02de613b"},
]
timingsutil = [
    {file = "timingsutil-1.7.0-py2.py3-none-any.whl", hash = "sha256:d598b208a1dd581142c83cd9c3f5f49e6aacb698109ecbb3511feb0b7994ccc0"},
    {file = "timingsutil-1.7.0.tar.gz", hash = "sha256:0a24db06da6270d2f883b7a87b5aae92bb655c34849f525ad1ee4a59dcdabd6d"},
]
urllib3 = [
    {file = "urllib3-1.26.12-py2.py3-none-any.whl", hash = "sha256:b930dd878d5a8afb066a637fbb35144fe7901e3b209d1cd4f524bd0e9deee997"},
    {file = "urllib3-1.26.12.tar.gz", hash = "sha256:3fa96cf423e6987997fc326ae8df396db2a8b7c667747d47ddd8ecba91f4a74e"},
]
wcwidth = [
    {file = "wcwidth-0.2.5-py2.py3-none-any.whl", hash = "sha256:beb4802a9cebb9144e99086eff703a642a13d6a0052920003a230f3294bbe784"},
    {file = "wcwidth-0.2.5.tar.gz", hash = "sha256:c4d647b99872929fdb7bdcaa4fbe7f01413ed3d98077df798530e5b04f116c83"},
]
websocket-client = [
    {file = "websocket-client-1.4.0.tar.gz", hash = "sha256:79d730c9776f4f112f33b10b78c8d209f23b5806d9a783e296b3813fc5add2f1"},
    {file = "websocket_client-1.4.0-py3-none-any.whl", hash = "sha256:33ad3cf0aef4270b95d10a5a66b670a66be1f5ccf10ce390b3644f9eddfdca9d"},
]
